
Microsoft Visual Studio Solution File, Format Version 12.00
# Visual Studio Version 16
VisualStudioVersion = 16.0.30804.86
MinimumVisualStudioVersion = 15.0.26124.0
Project("{9A19103F-16F7-4668-BE54-9A1E7A4F7556}") = "IdentityServer", "IdentityServer\IdentityServer.csproj", "{3F24C882-48B7-4A8B-9441-583556446776}"
EndProject
Project("{FAE04EC0-301F-11D3-BF4B-00C04F79EFBC}") = "Website", "Website\Website.csproj", "{64CC9769-C5D7-48DE-8EDD-1C9F6AC917A1}"
EndProject
Global
	GlobalSection(SolutionConfigurationPlatforms) = preSolution
		Debug|Any CPU = Debug|Any CPU
		Debug|x64 = Debug|x64
		Debug|x86 = Debug|x86
		Release|Any CPU = Release|Any CPU
		Release|x64 = Release|x64
		Release|x86 = Release|x86
	EndGlobalSection
	GlobalSection(ProjectConfigurationPlatforms) = postSolution
		{3F24C882-48B7-4A8B-9441-583556446776}.Debug|Any CPU.ActiveCfg = Debug|Any CPU
		{3F24C882-48B7-4A8B-9441-583556446776}.Debug|Any CPU.Build.0 = Debug|Any CPU
		{3F24C882-48B7-4A8B-9441-583556446776}.Debug|x64.ActiveCfg = Debug|Any CPU
		{3F24C882-48B7-4A8B-9441-583556446776}.Debug|x64.Build.0 = Debug|Any CPU
		{3F24C882-48B7-4A8B-9441-583556446776}.Debug|x86.ActiveCfg = Debug|Any CPU
		{3F24C882-48B7-4A8B-9441-583556446776}.Debug|x86.Build.0 = Debug|Any CPU
		{3F24C882-48B7-4A8B-9441-583556446776}.Release|Any CPU.ActiveCfg = Release|Any CPU
		{3F24C882-48B7-4A8B-9441-583556446776}.Release|Any CPU.Build.0 = Release|Any CPU
		{3F24C882-48B7-4A8B-9441-583556446776}.Release|x64.ActiveCfg = Release|Any CPU
		{3F24C882-48B7-4A8B-9441-583556446776}.Release|x64.Build.0 = Release|Any CPU
		{3F24C882-48B7-4A8B-9441-583556446776}.Release|x86.ActiveCfg = Release|Any CPU
		{3F24C882-48B7-4A8B-9441-583556446776}.Release|x86.Build.0 = Release|Any CPU
		{64CC9769-C5D7-48DE-8EDD-1C9F6AC917A1}.Debug|Any CPU.ActiveCfg = Debug|Any CPU
		{64CC9769-C5D7-48DE-8EDD-1C9F6AC917A1}.Debug|Any CPU.Build.0 = Debug|Any CPU
		{64CC9769-C5D7-48DE-8EDD-1C9F6AC917A1}.Debug|x64.ActiveCfg = Debug|Any CPU
		{64CC9769-C5D7-48DE-8EDD-1C9F6AC917A1}.Debug|x64.Build.0 = Debug|Any CPU
		{64CC9769-C5D7-48DE-8EDD-1C9F6AC917A1}.Debug|x86.ActiveCfg = Debug|Any CPU
		{64CC9769-C5D7-48DE-8EDD-1C9F6AC917A1}.Debug|x86.Build.0 = Debug|Any CPU
		{64CC9769-C5D7-48DE-8EDD-1C9F6AC917A1}.Release|Any CPU.ActiveCfg = Release|Any CPU
		{64CC9769-C5D7-48DE-8EDD-1C9F6AC917A1}.Release|Any CPU.Build.0 = Release|Any CPU
		{64CC9769-C5D7-48DE-8EDD-1C9F6AC917A1}.Release|x64.ActiveCfg = Release|Any CPU
		{64CC9769-C5D7-48DE-8EDD-1C9F6AC917A1}.Release|x64.Build.0 = Release|Any CPU
		{64CC9769-C5D7-48DE-8EDD-1C9F6AC917A1}.Release|x86.ActiveCfg = Release|Any CPU
		{64CC9769-C5D7-48DE-8EDD-1C9F6AC917A1}.Release|x86.Build.0 = Release|Any CPU
	EndGlobalSection
	GlobalSection(SolutionProperties) = preSolution
		HideSolutionNode = FALSE
	EndGlobalSection
	GlobalSection(ExtensibilityGlobals) = postSolution
		SolutionGuid = {30FD09FC-A6AC-47C8-A1B5-CA200318AF68}
	EndGlobalSection
EndGlobal
